// !$*UTF8*$!
{
	archiveVersion = 1;
	classes = {
	};
	objectVersion = 56;
	objects = {

/* Begin PBXBuildFile section */
		AF3CF765292D480C00DBDADC /* Realm in Frameworks */ = {isa = PBXBuildFile; productRef = AF3CF764292D480C00DBDADC /* Realm */; };
		AF3CF767292D480C00DBDADC /* RealmSwift in Frameworks */ = {isa = PBXBuildFile; productRef = AF3CF766292D480C00DBDADC /* RealmSwift */; };
		AF3CF76F292D5BF700DBDADC /* Constants.swift in Sources */ = {isa = PBXBuildFile; fileRef = AF3CF76E292D5BF700DBDADC /* Constants.swift */; };
		AF99E74D292414B3008D6942 /* TPApp.swift in Sources */ = {isa = PBXBuildFile; fileRef = AF99E74C292414B3008D6942 /* TPApp.swift */; };
		AF99E74F292414B3008D6942 /* SignInScene.swift in Sources */ = {isa = PBXBuildFile; fileRef = AF99E74E292414B3008D6942 /* SignInScene.swift */; };
		AF99E751292414B4008D6942 /* Assets.xcassets in Resources */ = {isa = PBXBuildFile; fileRef = AF99E750292414B4008D6942 /* Assets.xcassets */; };
		AF99E754292414B4008D6942 /* Preview Assets.xcassets in Resources */ = {isa = PBXBuildFile; fileRef = AF99E753292414B4008D6942 /* Preview Assets.xcassets */; };
		AF99E75E292414B4008D6942 /* TPTests.swift in Sources */ = {isa = PBXBuildFile; fileRef = AF99E75D292414B4008D6942 /* TPTests.swift */; };
		AF99E768292414B4008D6942 /* TPUITests.swift in Sources */ = {isa = PBXBuildFile; fileRef = AF99E767292414B4008D6942 /* TPUITests.swift */; };
		AF99E76A292414B4008D6942 /* TPUITestsLaunchTests.swift in Sources */ = {isa = PBXBuildFile; fileRef = AF99E769292414B4008D6942 /* TPUITestsLaunchTests.swift */; };
		AFB33BAE292BB94F00C2B607 /* Image+Extension.swift in Sources */ = {isa = PBXBuildFile; fileRef = AFB33BAD292BB94F00C2B607 /* Image+Extension.swift */; };
		AFCD5B4E29359D6500214515 /* View+Extensions.swift in Sources */ = {isa = PBXBuildFile; fileRef = AFCD5B4D29359D6500214515 /* View+Extensions.swift */; };
		AFCD5B5029366D4E00214515 /* ListItem.swift in Sources */ = {isa = PBXBuildFile; fileRef = AFCD5B4F29366D4E00214515 /* ListItem.swift */; };
		AFD17794292A886A0060B6F2 /* TPButton.swift in Sources */ = {isa = PBXBuildFile; fileRef = AFD17793292A886A0060B6F2 /* TPButton.swift */; };
		AFD17798292A8D500060B6F2 /* Color+Extension.swift in Sources */ = {isa = PBXBuildFile; fileRef = AFD17797292A8D500060B6F2 /* Color+Extension.swift */; };
		AFD1779A292A97530060B6F2 /* Options+Nullable.swift in Sources */ = {isa = PBXBuildFile; fileRef = AFD17799292A97530060B6F2 /* Options+Nullable.swift */; };
		AFE4A67429325ACE001CD4A0 /* String+Extension.swift in Sources */ = {isa = PBXBuildFile; fileRef = AFE4A67329325ACE001CD4A0 /* String+Extension.swift */; };
		AFE4A6772933E61F001CD4A0 /* CharacterScene.swift in Sources */ = {isa = PBXBuildFile; fileRef = AFE4A6762933E61F001CD4A0 /* CharacterScene.swift */; };
		AFE4A6792933E640001CD4A0 /* CharacterSceneViewModel.swift in Sources */ = {isa = PBXBuildFile; fileRef = AFE4A6782933E640001CD4A0 /* CharacterSceneViewModel.swift */; };
		AFEAF6CA292427AB00FD25E9 /* TPIconTextField.swift in Sources */ = {isa = PBXBuildFile; fileRef = AFEAF6C9292427AB00FD25E9 /* TPIconTextField.swift */; };
		AFEAF6CC2924296700FD25E9 /* Global.swift in Sources */ = {isa = PBXBuildFile; fileRef = AFEAF6CB2924296700FD25E9 /* Global.swift */; };
		AFF17740292E523A00C6B05B /* Font+Extension.swift in Sources */ = {isa = PBXBuildFile; fileRef = AFF1773F292E523A00C6B05B /* Font+Extension.swift */; };
		AFF17742292E7DDD00C6B05B /* Injected.swift in Sources */ = {isa = PBXBuildFile; fileRef = AFF17741292E7DDD00C6B05B /* Injected.swift */; };
		AFF4D383292D256600ACCD11 /* SingInSceneViewModel.swift in Sources */ = {isa = PBXBuildFile; fileRef = AFF4D382292D256600ACCD11 /* SingInSceneViewModel.swift */; };
/* End PBXBuildFile section */

/* Begin PBXContainerItemProxy section */
		AF99E75A292414B4008D6942 /* PBXContainerItemProxy */ = {
			isa = PBXContainerItemProxy;
			containerPortal = AF99E741292414B3008D6942 /* Project object */;
			proxyType = 1;
			remoteGlobalIDString = AF99E748292414B3008D6942;
			remoteInfo = TP;
		};
		AF99E764292414B4008D6942 /* PBXContainerItemProxy */ = {
			isa = PBXContainerItemProxy;
			containerPortal = AF99E741292414B3008D6942 /* Project object */;
			proxyType = 1;
			remoteGlobalIDString = AF99E748292414B3008D6942;
			remoteInfo = TP;
		};
/* End PBXContainerItemProxy section */

/* Begin PBXFileReference section */
		AF3CF76E292D5BF700DBDADC /* Constants.swift */ = {isa = PBXFileReference; lastKnownFileType = sourcecode.swift; path = Constants.swift; sourceTree = "<group>"; };
		AF99E749292414B3008D6942 /* TP.app */ = {isa = PBXFileReference; explicitFileType = wrapper.application; includeInIndex = 0; path = TP.app; sourceTree = BUILT_PRODUCTS_DIR; };
		AF99E74C292414B3008D6942 /* TPApp.swift */ = {isa = PBXFileReference; lastKnownFileType = sourcecode.swift; path = TPApp.swift; sourceTree = "<group>"; };
		AF99E74E292414B3008D6942 /* SignInScene.swift */ = {isa = PBXFileReference; lastKnownFileType = sourcecode.swift; path = SignInScene.swift; sourceTree = "<group>"; };
		AF99E750292414B4008D6942 /* Assets.xcassets */ = {isa = PBXFileReference; lastKnownFileType = folder.assetcatalog; path = Assets.xcassets; sourceTree = "<group>"; };
		AF99E753292414B4008D6942 /* Preview Assets.xcassets */ = {isa = PBXFileReference; lastKnownFileType = folder.assetcatalog; path = "Preview Assets.xcassets"; sourceTree = "<group>"; };
		AF99E759292414B4008D6942 /* TPTests.xctest */ = {isa = PBXFileReference; explicitFileType = wrapper.cfbundle; includeInIndex = 0; path = TPTests.xctest; sourceTree = BUILT_PRODUCTS_DIR; };
		AF99E75D292414B4008D6942 /* TPTests.swift */ = {isa = PBXFileReference; lastKnownFileType = sourcecode.swift; path = TPTests.swift; sourceTree = "<group>"; };
		AF99E763292414B4008D6942 /* TPUITests.xctest */ = {isa = PBXFileReference; explicitFileType = wrapper.cfbundle; includeInIndex = 0; path = TPUITests.xctest; sourceTree = BUILT_PRODUCTS_DIR; };
		AF99E767292414B4008D6942 /* TPUITests.swift */ = {isa = PBXFileReference; lastKnownFileType = sourcecode.swift; path = TPUITests.swift; sourceTree = "<group>"; };
		AF99E769292414B4008D6942 /* TPUITestsLaunchTests.swift */ = {isa = PBXFileReference; lastKnownFileType = sourcecode.swift; path = TPUITestsLaunchTests.swift; sourceTree = "<group>"; };
		AFB33BAD292BB94F00C2B607 /* Image+Extension.swift */ = {isa = PBXFileReference; lastKnownFileType = sourcecode.swift; path = "Image+Extension.swift"; sourceTree = "<group>"; };
		AFCD5B4D29359D6500214515 /* View+Extensions.swift */ = {isa = PBXFileReference; lastKnownFileType = sourcecode.swift; path = "View+Extensions.swift"; sourceTree = "<group>"; };
		AFCD5B4F29366D4E00214515 /* ListItem.swift */ = {isa = PBXFileReference; lastKnownFileType = sourcecode.swift; path = ListItem.swift; sourceTree = "<group>"; };
		AFD17793292A886A0060B6F2 /* TPButton.swift */ = {isa = PBXFileReference; lastKnownFileType = sourcecode.swift; path = TPButton.swift; sourceTree = "<group>"; };
		AFD17797292A8D500060B6F2 /* Color+Extension.swift */ = {isa = PBXFileReference; lastKnownFileType = sourcecode.swift; path = "Color+Extension.swift"; sourceTree = "<group>"; };
		AFD17799292A97530060B6F2 /* Options+Nullable.swift */ = {isa = PBXFileReference; lastKnownFileType = sourcecode.swift; path = "Options+Nullable.swift"; sourceTree = "<group>"; };
		AFE4A67329325ACE001CD4A0 /* String+Extension.swift */ = {isa = PBXFileReference; lastKnownFileType = sourcecode.swift; path = "String+Extension.swift"; sourceTree = "<group>"; };
		AFE4A6762933E61F001CD4A0 /* CharacterScene.swift */ = {isa = PBXFileReference; lastKnownFileType = sourcecode.swift; path = CharacterScene.swift; sourceTree = "<group>"; };
		AFE4A6782933E640001CD4A0 /* CharacterSceneViewModel.swift */ = {isa = PBXFileReference; lastKnownFileType = sourcecode.swift; path = CharacterSceneViewModel.swift; sourceTree = "<group>"; };
		AFEAF6C9292427AB00FD25E9 /* TPIconTextField.swift */ = {isa = PBXFileReference; lastKnownFileType = sourcecode.swift; path = TPIconTextField.swift; sourceTree = "<group>"; };
		AFEAF6CB2924296700FD25E9 /* Global.swift */ = {isa = PBXFileReference; lastKnownFileType = sourcecode.swift; path = Global.swift; sourceTree = "<group>"; };
		AFF1773F292E523A00C6B05B /* Font+Extension.swift */ = {isa = PBXFileReference; lastKnownFileType = sourcecode.swift; path = "Font+Extension.swift"; sourceTree = "<group>"; };
		AFF17741292E7DDD00C6B05B /* Injected.swift */ = {isa = PBXFileReference; lastKnownFileType = sourcecode.swift; path = Injected.swift; sourceTree = "<group>"; };
		AFF4D382292D256600ACCD11 /* SingInSceneViewModel.swift */ = {isa = PBXFileReference; lastKnownFileType = sourcecode.swift; path = SingInSceneViewModel.swift; sourceTree = "<group>"; };
/* End PBXFileReference section */

/* Begin PBXFrameworksBuildPhase section */
		AF99E746292414B3008D6942 /* Frameworks */ = {
			isa = PBXFrameworksBuildPhase;
			buildActionMask = 2147483647;
			files = (
				AF3CF767292D480C00DBDADC /* RealmSwift in Frameworks */,
				AF3CF765292D480C00DBDADC /* Realm in Frameworks */,
			);
			runOnlyForDeploymentPostprocessing = 0;
		};
		AF99E756292414B4008D6942 /* Frameworks */ = {
			isa = PBXFrameworksBuildPhase;
			buildActionMask = 2147483647;
			files = (
			);
			runOnlyForDeploymentPostprocessing = 0;
		};
		AF99E760292414B4008D6942 /* Frameworks */ = {
			isa = PBXFrameworksBuildPhase;
			buildActionMask = 2147483647;
			files = (
			);
			runOnlyForDeploymentPostprocessing = 0;
		};
/* End PBXFrameworksBuildPhase section */

/* Begin PBXGroup section */
		AF3CF768292D482B00DBDADC /* DomainLayer */ = {
			isa = PBXGroup;
			children = (
			);
			path = DomainLayer;
			sourceTree = "<group>";
		};
		AF3CF769292D486400DBDADC /* Models */ = {
			isa = PBXGroup;
			children = (
				AF3CF76B292D494D00DBDADC /* Decodable */,
				AF3CF76C292D495B00DBDADC /* Domain */,
				AF3CF76D292D497900DBDADC /* Realm */,
			);
			path = Models;
			sourceTree = "<group>";
		};
		AF3CF76B292D494D00DBDADC /* Decodable */ = {
			isa = PBXGroup;
			children = (
			);
			path = Decodable;
			sourceTree = "<group>";
		};
		AF3CF76C292D495B00DBDADC /* Domain */ = {
			isa = PBXGroup;
			children = (
			);
			path = Domain;
			sourceTree = "<group>";
		};
		AF3CF76D292D497900DBDADC /* Realm */ = {
			isa = PBXGroup;
			children = (
			);
			path = Realm;
			sourceTree = "<group>";
		};
		AF99E740292414B3008D6942 = {
			isa = PBXGroup;
			children = (
				AF99E74B292414B3008D6942 /* TP */,
				AF99E75C292414B4008D6942 /* TPTests */,
				AF99E766292414B4008D6942 /* TPUITests */,
				AF99E74A292414B3008D6942 /* Products */,
			);
			sourceTree = "<group>";
		};
		AF99E74A292414B3008D6942 /* Products */ = {
			isa = PBXGroup;
			children = (
				AF99E749292414B3008D6942 /* TP.app */,
				AF99E759292414B4008D6942 /* TPTests.xctest */,
				AF99E763292414B4008D6942 /* TPUITests.xctest */,
			);
			name = Products;
			sourceTree = "<group>";
		};
		AF99E74B292414B3008D6942 /* TP */ = {
			isa = PBXGroup;
			children = (
				AF99E74C292414B3008D6942 /* TPApp.swift */,
				AF99E750292414B4008D6942 /* Assets.xcassets */,
				AF3CF768292D482B00DBDADC /* DomainLayer */,
				AFD17796292A8D290060B6F2 /* Helpers */,
				AF3CF769292D486400DBDADC /* Models */,
				AFB33BAB292AE5E900C2B607 /* PresentationLayer */,
				AF99E752292414B4008D6942 /* Preview Content */,
				AFEAF6C82924277F00FD25E9 /* UIComponents */,
			);
			path = TP;
			sourceTree = "<group>";
		};
		AF99E752292414B4008D6942 /* Preview Content */ = {
			isa = PBXGroup;
			children = (
				AF99E753292414B4008D6942 /* Preview Assets.xcassets */,
			);
			path = "Preview Content";
			sourceTree = "<group>";
		};
		AF99E75C292414B4008D6942 /* TPTests */ = {
			isa = PBXGroup;
			children = (
				AF99E75D292414B4008D6942 /* TPTests.swift */,
			);
			path = TPTests;
			sourceTree = "<group>";
		};
		AF99E766292414B4008D6942 /* TPUITests */ = {
			isa = PBXGroup;
			children = (
				AF99E767292414B4008D6942 /* TPUITests.swift */,
				AF99E769292414B4008D6942 /* TPUITestsLaunchTests.swift */,
			);
			path = TPUITests;
			sourceTree = "<group>";
		};
		AFB33BAB292AE5E900C2B607 /* PresentationLayer */ = {
			isa = PBXGroup;
			children = (
				AFE4A6752933E5FC001CD4A0 /* CharacterScene */,
				AFB33BAC292AE5F600C2B607 /* LoginScene */,
			);
			path = PresentationLayer;
			sourceTree = "<group>";
		};
		AFB33BAC292AE5F600C2B607 /* LoginScene */ = {
			isa = PBXGroup;
			children = (
				AF99E74E292414B3008D6942 /* SignInScene.swift */,
				AFF4D382292D256600ACCD11 /* SingInSceneViewModel.swift */,
			);
			path = LoginScene;
			sourceTree = "<group>";
		};
		AFD17796292A8D290060B6F2 /* Helpers */ = {
			isa = PBXGroup;
			children = (
				AF3CF76E292D5BF700DBDADC /* Constants.swift */,
				AFEAF6CB2924296700FD25E9 /* Global.swift */,
				AFF17741292E7DDD00C6B05B /* Injected.swift */,
				AFF17743292E829300C6B05B /*  Extension */,
			);
			path = Helpers;
			sourceTree = "<group>";
		};
		AFE4A6752933E5FC001CD4A0 /* CharacterScene */ = {
			isa = PBXGroup;
			children = (
				AFE4A6762933E61F001CD4A0 /* CharacterScene.swift */,
				AFE4A6782933E640001CD4A0 /* CharacterSceneViewModel.swift */,
			);
			path = CharacterScene;
			sourceTree = "<group>";
		};
		AFEAF6C82924277F00FD25E9 /* UIComponents */ = {
			isa = PBXGroup;
			children = (
				AFEAF6C9292427AB00FD25E9 /* TPIconTextField.swift */,
				AFD17793292A886A0060B6F2 /* TPButton.swift */,
				AFCD5B4F29366D4E00214515 /* ListItem.swift */,
			);
			path = UIComponents;
			sourceTree = "<group>";
		};
		AFF17743292E829300C6B05B /*  Extension */ = {
			isa = PBXGroup;
			children = (
				AFD17797292A8D500060B6F2 /* Color+Extension.swift */,
				AFCD5B4D29359D6500214515 /* View+Extensions.swift */,
				AFF1773F292E523A00C6B05B /* Font+Extension.swift */,
				AFB33BAD292BB94F00C2B607 /* Image+Extension.swift */,
				AFE4A67329325ACE001CD4A0 /* String+Extension.swift */,
				AFD17799292A97530060B6F2 /* Options+Nullable.swift */,
			);
			path = " Extension";
			sourceTree = "<group>";
		};
/* End PBXGroup section */

/* Begin PBXNativeTarget section */
		AF99E748292414B3008D6942 /* TP */ = {
			isa = PBXNativeTarget;
			buildConfigurationList = AF99E76D292414B4008D6942 /* Build configuration list for PBXNativeTarget "TP" */;
			buildPhases = (
				AF99E745292414B3008D6942 /* Sources */,
				AF99E746292414B3008D6942 /* Frameworks */,
				AF99E747292414B3008D6942 /* Resources */,
			);
			buildRules = (
			);
			dependencies = (
			);
			name = TP;
			packageProductDependencies = (
				AF3CF764292D480C00DBDADC /* Realm */,
				AF3CF766292D480C00DBDADC /* RealmSwift */,
			);
			productName = TP;
			productReference = AF99E749292414B3008D6942 /* TP.app */;
			productType = "com.apple.product-type.application";
		};
		AF99E758292414B4008D6942 /* TPTests */ = {
			isa = PBXNativeTarget;
			buildConfigurationList = AF99E770292414B4008D6942 /* Build configuration list for PBXNativeTarget "TPTests" */;
			buildPhases = (
				AF99E755292414B4008D6942 /* Sources */,
				AF99E756292414B4008D6942 /* Frameworks */,
				AF99E757292414B4008D6942 /* Resources */,
			);
			buildRules = (
			);
			dependencies = (
				AF99E75B292414B4008D6942 /* PBXTargetDependency */,
			);
			name = TPTests;
			productName = TPTests;
			productReference = AF99E759292414B4008D6942 /* TPTests.xctest */;
			productType = "com.apple.product-type.bundle.unit-test";
		};
		AF99E762292414B4008D6942 /* TPUITests */ = {
			isa = PBXNativeTarget;
			buildConfigurationList = AF99E773292414B4008D6942 /* Build configuration list for PBXNativeTarget "TPUITests" */;
			buildPhases = (
				AF99E75F292414B4008D6942 /* Sources */,
				AF99E760292414B4008D6942 /* Frameworks */,
				AF99E761292414B4008D6942 /* Resources */,
			);
			buildRules = (
			);
			dependencies = (
				AF99E765292414B4008D6942 /* PBXTargetDependency */,
			);
			name = TPUITests;
			productName = TPUITests;
			productReference = AF99E763292414B4008D6942 /* TPUITests.xctest */;
			productType = "com.apple.product-type.bundle.ui-testing";
		};
/* End PBXNativeTarget section */

/* Begin PBXProject section */
		AF99E741292414B3008D6942 /* Project object */ = {
			isa = PBXProject;
			attributes = {
				BuildIndependentTargetsInParallel = 1;
				LastSwiftUpdateCheck = 1410;
				LastUpgradeCheck = 1410;
				TargetAttributes = {
					AF99E748292414B3008D6942 = {
						CreatedOnToolsVersion = 14.1;
					};
					AF99E758292414B4008D6942 = {
						CreatedOnToolsVersion = 14.1;
						TestTargetID = AF99E748292414B3008D6942;
					};
					AF99E762292414B4008D6942 = {
						CreatedOnToolsVersion = 14.1;
						TestTargetID = AF99E748292414B3008D6942;
					};
				};
			};
			buildConfigurationList = AF99E744292414B3008D6942 /* Build configuration list for PBXProject "TP" */;
			compatibilityVersion = "Xcode 14.0";
			developmentRegion = en;
			hasScannedForEncodings = 0;
			knownRegions = (
				en,
				Base,
			);
			mainGroup = AF99E740292414B3008D6942;
			packageReferences = (
				AF3CF763292D480C00DBDADC /* XCRemoteSwiftPackageReference "realm-swift" */,
			);
			productRefGroup = AF99E74A292414B3008D6942 /* Products */;
			projectDirPath = "";
			projectRoot = "";
			targets = (
				AF99E748292414B3008D6942 /* TP */,
				AF99E758292414B4008D6942 /* TPTests */,
				AF99E762292414B4008D6942 /* TPUITests */,
			);
		};
/* End PBXProject section */

/* Begin PBXResourcesBuildPhase section */
		AF99E747292414B3008D6942 /* Resources */ = {
			isa = PBXResourcesBuildPhase;
			buildActionMask = 2147483647;
			files = (
				AF99E754292414B4008D6942 /* Preview Assets.xcassets in Resources */,
				AF99E751292414B4008D6942 /* Assets.xcassets in Resources */,
			);
			runOnlyForDeploymentPostprocessing = 0;
		};
		AF99E757292414B4008D6942 /* Resources */ = {
			isa = PBXResourcesBuildPhase;
			buildActionMask = 2147483647;
			files = (
			);
			runOnlyForDeploymentPostprocessing = 0;
		};
		AF99E761292414B4008D6942 /* Resources */ = {
			isa = PBXResourcesBuildPhase;
			buildActionMask = 2147483647;
			files = (
			);
			runOnlyForDeploymentPostprocessing = 0;
		};
/* End PBXResourcesBuildPhase section */

/* Begin PBXSourcesBuildPhase section */
		AF99E745292414B3008D6942 /* Sources */ = {
			isa = PBXSourcesBuildPhase;
			buildActionMask = 2147483647;
			files = (
				AFF4D383292D256600ACCD11 /* SingInSceneViewModel.swift in Sources */,
				AFD1779A292A97530060B6F2 /* Options+Nullable.swift in Sources */,
				AFF17740292E523A00C6B05B /* Font+Extension.swift in Sources */,
				AFEAF6CC2924296700FD25E9 /* Global.swift in Sources */,
				AFE4A6772933E61F001CD4A0 /* CharacterScene.swift in Sources */,
				AFEAF6CA292427AB00FD25E9 /* TPIconTextField.swift in Sources */,
				AFCD5B4E29359D6500214515 /* View+Extensions.swift in Sources */,
				AFB33BAE292BB94F00C2B607 /* Image+Extension.swift in Sources */,
				AFE4A67429325ACE001CD4A0 /* String+Extension.swift in Sources */,
				AF3CF76F292D5BF700DBDADC /* Constants.swift in Sources */,
				AFE4A6792933E640001CD4A0 /* CharacterSceneViewModel.swift in Sources */,
				AFD17794292A886A0060B6F2 /* TPButton.swift in Sources */,
				AFCD5B5029366D4E00214515 /* ListItem.swift in Sources */,
				AFD17798292A8D500060B6F2 /* Color+Extension.swift in Sources */,
				AF99E74F292414B3008D6942 /* SignInScene.swift in Sources */,
				AF99E74D292414B3008D6942 /* TPApp.swift in Sources */,
				AFF17742292E7DDD00C6B05B /* Injected.swift in Sources */,
			);
			runOnlyForDeploymentPostprocessing = 0;
		};
		AF99E755292414B4008D6942 /* Sources */ = {
			isa = PBXSourcesBuildPhase;
			buildActionMask = 2147483647;
			files = (
				AF99E75E292414B4008D6942 /* TPTests.swift in Sources */,
			);
			runOnlyForDeploymentPostprocessing = 0;
		};
		AF99E75F292414B4008D6942 /* Sources */ = {
			isa = PBXSourcesBuildPhase;
			buildActionMask = 2147483647;
			files = (
				AF99E76A292414B4008D6942 /* TPUITestsLaunchTests.swift in Sources */,
				AF99E768292414B4008D6942 /* TPUITests.swift in Sources */,
			);
			runOnlyForDeploymentPostprocessing = 0;
		};
/* End PBXSourcesBuildPhase section */

/* Begin PBXTargetDependency section */
		AF99E75B292414B4008D6942 /* PBXTargetDependency */ = {
			isa = PBXTargetDependency;
			target = AF99E748292414B3008D6942 /* TP */;
			targetProxy = AF99E75A292414B4008D6942 /* PBXContainerItemProxy */;
		};
		AF99E765292414B4008D6942 /* PBXTargetDependency */ = {
			isa = PBXTargetDependency;
			target = AF99E748292414B3008D6942 /* TP */;
			targetProxy = AF99E764292414B4008D6942 /* PBXContainerItemProxy */;
		};
/* End PBXTargetDependency section */

/* Begin XCBuildConfiguration section */
		AF99E76B292414B4008D6942 /* Debug */ = {
			isa = XCBuildConfiguration;
			buildSettings = {
				ALWAYS_SEARCH_USER_PATHS = NO;
				CLANG_ANALYZER_NONNULL = YES;
				CLANG_ANALYZER_NUMBER_OBJECT_CONVERSION = YES_AGGRESSIVE;
				CLANG_CXX_LANGUAGE_STANDARD = "gnu++20";
				CLANG_ENABLE_MODULES = YES;
				CLANG_ENABLE_OBJC_ARC = YES;
				CLANG_ENABLE_OBJC_WEAK = YES;
				CLANG_WARN_BLOCK_CAPTURE_AUTORELEASING = YES;
				CLANG_WARN_BOOL_CONVERSION = YES;
				CLANG_WARN_COMMA = YES;
				CLANG_WARN_CONSTANT_CONVERSION = YES;
				CLANG_WARN_DEPRECATED_OBJC_IMPLEMENTATIONS = YES;
				CLANG_WARN_DIRECT_OBJC_ISA_USAGE = YES_ERROR;
				CLANG_WARN_DOCUMENTATION_COMMENTS = YES;
				CLANG_WARN_EMPTY_BODY = YES;
				CLANG_WARN_ENUM_CONVERSION = YES;
				CLANG_WARN_INFINITE_RECURSION = YES;
				CLANG_WARN_INT_CONVERSION = YES;
				CLANG_WARN_NON_LITERAL_NULL_CONVERSION = YES;
				CLANG_WARN_OBJC_IMPLICIT_RETAIN_SELF = YES;
				CLANG_WARN_OBJC_LITERAL_CONVERSION = YES;
				CLANG_WARN_OBJC_ROOT_CLASS = YES_ERROR;
				CLANG_WARN_QUOTED_INCLUDE_IN_FRAMEWORK_HEADER = YES;
				CLANG_WARN_RANGE_LOOP_ANALYSIS = YES;
				CLANG_WARN_STRICT_PROTOTYPES = YES;
				CLANG_WARN_SUSPICIOUS_MOVE = YES;
				CLANG_WARN_UNGUARDED_AVAILABILITY = YES_AGGRESSIVE;
				CLANG_WARN_UNREACHABLE_CODE = YES;
				CLANG_WARN__DUPLICATE_METHOD_MATCH = YES;
				COPY_PHASE_STRIP = NO;
				DEBUG_INFORMATION_FORMAT = dwarf;
				ENABLE_STRICT_OBJC_MSGSEND = YES;
				ENABLE_TESTABILITY = YES;
				GCC_C_LANGUAGE_STANDARD = gnu11;
				GCC_DYNAMIC_NO_PIC = NO;
				GCC_NO_COMMON_BLOCKS = YES;
				GCC_OPTIMIZATION_LEVEL = 0;
				GCC_PREPROCESSOR_DEFINITIONS = (
					"DEBUG=1",
					"$(inherited)",
				);
				GCC_WARN_64_TO_32_BIT_CONVERSION = YES;
				GCC_WARN_ABOUT_RETURN_TYPE = YES_ERROR;
				GCC_WARN_UNDECLARED_SELECTOR = YES;
				GCC_WARN_UNINITIALIZED_AUTOS = YES_AGGRESSIVE;
				GCC_WARN_UNUSED_FUNCTION = YES;
				GCC_WARN_UNUSED_VARIABLE = YES;
				IPHONEOS_DEPLOYMENT_TARGET = 16.1;
				MTL_ENABLE_DEBUG_INFO = INCLUDE_SOURCE;
				MTL_FAST_MATH = YES;
				ONLY_ACTIVE_ARCH = YES;
				SDKROOT = iphoneos;
				SWIFT_ACTIVE_COMPILATION_CONDITIONS = DEBUG;
				SWIFT_OPTIMIZATION_LEVEL = "-Onone";
			};
			name = Debug;
		};
		AF99E76C292414B4008D6942 /* Release */ = {
			isa = XCBuildConfiguration;
			buildSettings = {
				ALWAYS_SEARCH_USER_PATHS = NO;
				CLANG_ANALYZER_NONNULL = YES;
				CLANG_ANALYZER_NUMBER_OBJECT_CONVERSION = YES_AGGRESSIVE;
				CLANG_CXX_LANGUAGE_STANDARD = "gnu++20";
				CLANG_ENABLE_MODULES = YES;
				CLANG_ENABLE_OBJC_ARC = YES;
				CLANG_ENABLE_OBJC_WEAK = YES;
				CLANG_WARN_BLOCK_CAPTURE_AUTORELEASING = YES;
				CLANG_WARN_BOOL_CONVERSION = YES;
				CLANG_WARN_COMMA = YES;
				CLANG_WARN_CONSTANT_CONVERSION = YES;
				CLANG_WARN_DEPRECATED_OBJC_IMPLEMENTATIONS = YES;
				CLANG_WARN_DIRECT_OBJC_ISA_USAGE = YES_ERROR;
				CLANG_WARN_DOCUMENTATION_COMMENTS = YES;
				CLANG_WARN_EMPTY_BODY = YES;
				CLANG_WARN_ENUM_CONVERSION = YES;
				CLANG_WARN_INFINITE_RECURSION = YES;
				CLANG_WARN_INT_CONVERSION = YES;
				CLANG_WARN_NON_LITERAL_NULL_CONVERSION = YES;
				CLANG_WARN_OBJC_IMPLICIT_RETAIN_SELF = YES;
				CLANG_WARN_OBJC_LITERAL_CONVERSION = YES;
				CLANG_WARN_OBJC_ROOT_CLASS = YES_ERROR;
				CLANG_WARN_QUOTED_INCLUDE_IN_FRAMEWORK_HEADER = YES;
				CLANG_WARN_RANGE_LOOP_ANALYSIS = YES;
				CLANG_WARN_STRICT_PROTOTYPES = YES;
				CLANG_WARN_SUSPICIOUS_MOVE = YES;
				CLANG_WARN_UNGUARDED_AVAILABILITY = YES_AGGRESSIVE;
				CLANG_WARN_UNREACHABLE_CODE = YES;
				CLANG_WARN__DUPLICATE_METHOD_MATCH = YES;
				COPY_PHASE_STRIP = NO;
				DEBUG_INFORMATION_FORMAT = "dwarf-with-dsym";
				ENABLE_NS_ASSERTIONS = NO;
				ENABLE_STRICT_OBJC_MSGSEND = YES;
				GCC_C_LANGUAGE_STANDARD = gnu11;
				GCC_NO_COMMON_BLOCKS = YES;
				GCC_WARN_64_TO_32_BIT_CONVERSION = YES;
				GCC_WARN_ABOUT_RETURN_TYPE = YES_ERROR;
				GCC_WARN_UNDECLARED_SELECTOR = YES;
				GCC_WARN_UNINITIALIZED_AUTOS = YES_AGGRESSIVE;
				GCC_WARN_UNUSED_FUNCTION = YES;
				GCC_WARN_UNUSED_VARIABLE = YES;
				IPHONEOS_DEPLOYMENT_TARGET = 16.1;
				MTL_ENABLE_DEBUG_INFO = NO;
				MTL_FAST_MATH = YES;
				SDKROOT = iphoneos;
				SWIFT_COMPILATION_MODE = wholemodule;
				SWIFT_OPTIMIZATION_LEVEL = "-O";
				VALIDATE_PRODUCT = YES;
			};
			name = Release;
		};
		AF99E76E292414B4008D6942 /* Debug */ = {
			isa = XCBuildConfiguration;
			buildSettings = {
				ASSETCATALOG_COMPILER_APPICON_NAME = AppIcon;
				ASSETCATALOG_COMPILER_GLOBAL_ACCENT_COLOR_NAME = AccentColor;
				CODE_SIGN_STYLE = Automatic;
				CURRENT_PROJECT_VERSION = 1;
				DEVELOPMENT_ASSET_PATHS = "\"TP/Preview Content\"";
				DEVELOPMENT_TEAM = Q2MLBR5MF6;
				ENABLE_PREVIEWS = YES;
				GENERATE_INFOPLIST_FILE = YES;
				INFOPLIST_KEY_UIApplicationSceneManifest_Generation = YES;
				INFOPLIST_KEY_UIApplicationSupportsIndirectInputEvents = YES;
				INFOPLIST_KEY_UILaunchScreen_Generation = YES;
				INFOPLIST_KEY_UISupportedInterfaceOrientations_iPad = "UIInterfaceOrientationPortrait UIInterfaceOrientationPortraitUpsideDown UIInterfaceOrientationLandscapeLeft UIInterfaceOrientationLandscapeRight";
				INFOPLIST_KEY_UISupportedInterfaceOrientations_iPhone = "UIInterfaceOrientationPortrait UIInterfaceOrientationLandscapeLeft UIInterfaceOrientationLandscapeRight";
				IPHONEOS_DEPLOYMENT_TARGET = 16.0;
				LD_RUNPATH_SEARCH_PATHS = (
					"$(inherited)",
					"@executable_path/Frameworks",
				);
				MARKETING_VERSION = 1.0;
				PRODUCT_BUNDLE_IDENTIFIER = com.vashchenya.volodymyr.TP;
				PRODUCT_NAME = "$(TARGET_NAME)";
				SWIFT_EMIT_LOC_STRINGS = YES;
				SWIFT_VERSION = 5.0;
				TARGETED_DEVICE_FAMILY = "1,2";
			};
			name = Debug;
		};
		AF99E76F292414B4008D6942 /* Release */ = {
			isa = XCBuildConfiguration;
			buildSettings = {
				ASSETCATALOG_COMPILER_APPICON_NAME = AppIcon;
				ASSETCATALOG_COMPILER_GLOBAL_ACCENT_COLOR_NAME = AccentColor;
				CODE_SIGN_STYLE = Automatic;
				CURRENT_PROJECT_VERSION = 1;
				DEVELOPMENT_ASSET_PATHS = "\"TP/Preview Content\"";
				DEVELOPMENT_TEAM = Q2MLBR5MF6;
				ENABLE_PREVIEWS = YES;
				GENERATE_INFOPLIST_FILE = YES;
				INFOPLIST_KEY_UIApplicationSceneManifest_Generation = YES;
				INFOPLIST_KEY_UIApplicationSupportsIndirectInputEvents = YES;
				INFOPLIST_KEY_UILaunchScreen_Generation = YES;
				INFOPLIST_KEY_UISupportedInterfaceOrientations_iPad = "UIInterfaceOrientationPortrait UIInterfaceOrientationPortraitUpsideDown UIInterfaceOrientationLandscapeLeft UIInterfaceOrientationLandscapeRight";
				INFOPLIST_KEY_UISupportedInterfaceOrientations_iPhone = "UIInterfaceOrientationPortrait UIInterfaceOrientationLandscapeLeft UIInterfaceOrientationLandscapeRight";
				IPHONEOS_DEPLOYMENT_TARGET = 16.0;
				LD_RUNPATH_SEARCH_PATHS = (
					"$(inherited)",
					"@executable_path/Frameworks",
				);
				MARKETING_VERSION = 1.0;
				PRODUCT_BUNDLE_IDENTIFIER = com.vashchenya.volodymyr.TP;
				PRODUCT_NAME = "$(TARGET_NAME)";
				SWIFT_EMIT_LOC_STRINGS = YES;
				SWIFT_VERSION = 5.0;
				TARGETED_DEVICE_FAMILY = "1,2";
			};
			name = Release;
		};
		AF99E771292414B4008D6942 /* Debug */ = {
			isa = XCBuildConfiguration;
			buildSettings = {
				ALWAYS_EMBED_SWIFT_STANDARD_LIBRARIES = YES;
				BUNDLE_LOADER = "$(TEST_HOST)";
				CODE_SIGN_STYLE = Automatic;
				CURRENT_PROJECT_VERSION = 1;
				DEVELOPMENT_TEAM = Q2MLBR5MF6;
				GENERATE_INFOPLIST_FILE = YES;
				IPHONEOS_DEPLOYMENT_TARGET = 16.1;
				MARKETING_VERSION = 1.0;
				PRODUCT_BUNDLE_IDENTIFIER = com.vashchenya.volodymyr.TPTests;
				PRODUCT_NAME = "$(TARGET_NAME)";
				SWIFT_EMIT_LOC_STRINGS = NO;
				SWIFT_VERSION = 5.0;
				TARGETED_DEVICE_FAMILY = "1,2";
				TEST_HOST = "$(BUILT_PRODUCTS_DIR)/TP.app/$(BUNDLE_EXECUTABLE_FOLDER_PATH)/TP";
			};
			name = Debug;
		};
		AF99E772292414B4008D6942 /* Release */ = {
			isa = XCBuildConfiguration;
			buildSettings = {
				ALWAYS_EMBED_SWIFT_STANDARD_LIBRARIES = YES;
				BUNDLE_LOADER = "$(TEST_HOST)";
				CODE_SIGN_STYLE = Automatic;
				CURRENT_PROJECT_VERSION = 1;
				DEVELOPMENT_TEAM = Q2MLBR5MF6;
				GENERATE_INFOPLIST_FILE = YES;
				IPHONEOS_DEPLOYMENT_TARGET = 16.1;
				MARKETING_VERSION = 1.0;
				PRODUCT_BUNDLE_IDENTIFIER = com.vashchenya.volodymyr.TPTests;
				PRODUCT_NAME = "$(TARGET_NAME)";
				SWIFT_EMIT_LOC_STRINGS = NO;
				SWIFT_VERSION = 5.0;
				TARGETED_DEVICE_FAMILY = "1,2";
				TEST_HOST = "$(BUILT_PRODUCTS_DIR)/TP.app/$(BUNDLE_EXECUTABLE_FOLDER_PATH)/TP";
			};
			name = Release;
		};
		AF99E774292414B4008D6942 /* Debug */ = {
			isa = XCBuildConfiguration;
			buildSettings = {
				ALWAYS_EMBED_SWIFT_STANDARD_LIBRARIES = YES;
				CODE_SIGN_STYLE = Automatic;
				CURRENT_PROJECT_VERSION = 1;
				DEVELOPMENT_TEAM = Q2MLBR5MF6;
				GENERATE_INFOPLIST_FILE = YES;
				MARKETING_VERSION = 1.0;
				PRODUCT_BUNDLE_IDENTIFIER = com.vashchenya.volodymyr.TPUITests;
				PRODUCT_NAME = "$(TARGET_NAME)";
				SWIFT_EMIT_LOC_STRINGS = NO;
				SWIFT_VERSION = 5.0;
				TARGETED_DEVICE_FAMILY = "1,2";
				TEST_TARGET_NAME = TP;
			};
			name = Debug;
		};
		AF99E775292414B4008D6942 /* Release */ = {
			isa = XCBuildConfiguration;
			buildSettings = {
				ALWAYS_EMBED_SWIFT_STANDARD_LIBRARIES = YES;
				CODE_SIGN_STYLE = Automatic;
				CURRENT_PROJECT_VERSION = 1;
				DEVELOPMENT_TEAM = Q2MLBR5MF6;
				GENERATE_INFOPLIST_FILE = YES;
				MARKETING_VERSION = 1.0;
				PRODUCT_BUNDLE_IDENTIFIER = com.vashchenya.volodymyr.TPUITests;
				PRODUCT_NAME = "$(TARGET_NAME)";
				SWIFT_EMIT_LOC_STRINGS = NO;
				SWIFT_VERSION = 5.0;
				TARGETED_DEVICE_FAMILY = "1,2";
				TEST_TARGET_NAME = TP;
			};
			name = Release;
		};
/* End XCBuildConfiguration section */

/* Begin XCConfigurationList section */
		AF99E744292414B3008D6942 /* Build configuration list for PBXProject "TP" */ = {
			isa = XCConfigurationList;
			buildConfigurations = (
				AF99E76B292414B4008D6942 /* Debug */,
				AF99E76C292414B4008D6942 /* Release */,
			);
			defaultConfigurationIsVisible = 0;
			defaultConfigurationName = Release;
		};
		AF99E76D292414B4008D6942 /* Build configuration list for PBXNativeTarget "TP" */ = {
			isa = XCConfigurationList;
			buildConfigurations = (
				AF99E76E292414B4008D6942 /* Debug */,
				AF99E76F292414B4008D6942 /* Release */,
			);
			defaultConfigurationIsVisible = 0;
			defaultConfigurationName = Release;
		};
		AF99E770292414B4008D6942 /* Build configuration list for PBXNativeTarget "TPTests" */ = {
			isa = XCConfigurationList;
			buildConfigurations = (
				AF99E771292414B4008D6942 /* Debug */,
				AF99E772292414B4008D6942 /* Release */,
			);
			defaultConfigurationIsVisible = 0;
			defaultConfigurationName = Release;
		};
		AF99E773292414B4008D6942 /* Build configuration list for PBXNativeTarget "TPUITests" */ = {
			isa = XCConfigurationList;
			buildConfigurations = (
				AF99E774292414B4008D6942 /* Debug */,
				AF99E775292414B4008D6942 /* Release */,
			);
			defaultConfigurationIsVisible = 0;
			defaultConfigurationName = Release;
		};
/* End XCConfigurationList section */

/* Begin XCRemoteSwiftPackageReference section */
		AF3CF763292D480C00DBDADC /* XCRemoteSwiftPackageReference "realm-swift" */ = {
			isa = XCRemoteSwiftPackageReference;
			repositoryURL = "https://github.com/realm/realm-swift.git";
			requirement = {
				branch = master;
				kind = branch;
			};
		};
/* End XCRemoteSwiftPackageReference section */

/* Begin XCSwiftPackageProductDependency section */
		AF3CF764292D480C00DBDADC /* Realm */ = {
			isa = XCSwiftPackageProductDependency;
			package = AF3CF763292D480C00DBDADC /* XCRemoteSwiftPackageReference "realm-swift" */;
			productName = Realm;
		};
		AF3CF766292D480C00DBDADC /* RealmSwift */ = {
			isa = XCSwiftPackageProductDependency;
			package = AF3CF763292D480C00DBDADC /* XCRemoteSwiftPackageReference "realm-swift" */;
			productName = RealmSwift;
		};
/* End XCSwiftPackageProductDependency section */
	};
	rootObject = AF99E741292414B3008D6942 /* Project object */;
}
